// !$*UTF8*$!
{
	archiveVersion = 1;
	classes = {
	};
	objectVersion = 50;
	objects = {

/* Begin PBXBuildFile section */
		97A2B71B23D85C5500732791 /* Integer.cpp in Sources */ = {isa = PBXBuildFile; fileRef = 97A337D322A53AEA007341E7 /* Integer.cpp */; };
		97A337D522A53AEA007341E7 /* Integer.cpp in Sources */ = {isa = PBXBuildFile; fileRef = 97A337D322A53AEA007341E7 /* Integer.cpp */; };
		97A337D622A53AEA007341E7 /* Integer.h in Headers */ = {isa = PBXBuildFile; fileRef = 97A337D422A53AEA007341E7 /* Integer.h */; };
		97C23F3C229B1503006952E4 /* Float.cpp in Sources */ = {isa = PBXBuildFile; fileRef = 97C23F3A229B1503006952E4 /* Float.cpp */; };
		97C23F3D229B1503006952E4 /* Float.h in Headers */ = {isa = PBXBuildFile; fileRef = 97C23F3B229B1503006952E4 /* Float.h */; };
		97C23F55229B2639006952E4 /* main.cpp in Sources */ = {isa = PBXBuildFile; fileRef = 97C23F54229B2639006952E4 /* main.cpp */; };
		97C23F56229B2645006952E4 /* Float.cpp in Sources */ = {isa = PBXBuildFile; fileRef = 97C23F3A229B1503006952E4 /* Float.cpp */; };
		97C23F5B229B2746006952E4 /* libnrcore.a in Frameworks */ = {isa = PBXBuildFile; fileRef = 97C23F5A229B2746006952E4 /* libnrcore.a */; };
/* End PBXBuildFile section */

/* Begin PBXCopyFilesBuildPhase section */
		97C23F4B229B2583006952E4 /* CopyFiles */ = {
			isa = PBXCopyFilesBuildPhase;
			buildActionMask = 2147483647;
			dstPath = /usr/share/man/man1/;
			dstSubfolderSpec = 0;
			files = (
			);
			runOnlyForDeploymentPostprocessing = 1;
		};
/* End PBXCopyFilesBuildPhase section */

/* Begin PBXFileReference section */
		97A337D322A53AEA007341E7 /* Integer.cpp */ = {isa = PBXFileReference; lastKnownFileType = sourcecode.cpp.cpp; path = Integer.cpp; sourceTree = "<group>"; };
		97A337D422A53AEA007341E7 /* Integer.h */ = {isa = PBXFileReference; lastKnownFileType = sourcecode.c.h; path = Integer.h; sourceTree = "<group>"; };
		97C23F32229AB04B006952E4 /* libnrmaths.a */ = {isa = PBXFileReference; explicitFileType = archive.ar; includeInIndex = 0; path = libnrmaths.a; sourceTree = BUILT_PRODUCTS_DIR; };
		97C23F3A229B1503006952E4 /* Float.cpp */ = {isa = PBXFileReference; lastKnownFileType = sourcecode.cpp.cpp; path = Float.cpp; sourceTree = "<group>"; };
		97C23F3B229B1503006952E4 /* Float.h */ = {isa = PBXFileReference; lastKnownFileType = sourcecode.c.h; path = Float.h; sourceTree = "<group>"; };
		97C23F4D229B2583006952E4 /* UnitTest */ = {isa = PBXFileReference; explicitFileType = "compiled.mach-o.executable"; includeInIndex = 0; path = UnitTest; sourceTree = BUILT_PRODUCTS_DIR; };
		97C23F54229B2639006952E4 /* main.cpp */ = {isa = PBXFileReference; fileEncoding = 4; lastKnownFileType = sourcecode.cpp.cpp; path = main.cpp; sourceTree = "<group>"; };
		97C23F5A229B2746006952E4 /* libnrcore.a */ = {isa = PBXFileReference; lastKnownFileType = archive.ar; name = libnrcore.a; path = ../LibNrCore/Debug/libnrcore.a; sourceTree = "<group>"; };
/* End PBXFileReference section */

/* Begin PBXFrameworksBuildPhase section */
		97C23F30229AB04B006952E4 /* Frameworks */ = {
			isa = PBXFrameworksBuildPhase;
			buildActionMask = 2147483647;
			files = (
			);
			runOnlyForDeploymentPostprocessing = 0;
		};
		97C23F4A229B2583006952E4 /* Frameworks */ = {
			isa = PBXFrameworksBuildPhase;
			buildActionMask = 2147483647;
			files = (
				97C23F5B229B2746006952E4 /* libnrcore.a in Frameworks */,
			);
			runOnlyForDeploymentPostprocessing = 0;
		};
/* End PBXFrameworksBuildPhase section */

/* Begin PBXGroup section */
		97C23F29229AB04B006952E4 = {
			isa = PBXGroup;
			children = (
				97C23F39229B14EA006952E4 /* libnrmaths */,
				97C23F4E229B2583006952E4 /* UnitTest */,
				97C23F33229AB04B006952E4 /* Products */,
				97C23F57229B2712006952E4 /* Frameworks */,
			);
			sourceTree = "<group>";
		};
		97C23F33229AB04B006952E4 /* Products */ = {
			isa = PBXGroup;
			children = (
				97C23F32229AB04B006952E4 /* libnrmaths.a */,
				97C23F4D229B2583006952E4 /* UnitTest */,
			);
			name = Products;
			sourceTree = "<group>";
		};
		97C23F39229B14EA006952E4 /* libnrmaths */ = {
			isa = PBXGroup;
			children = (
				97A337D422A53AEA007341E7 /* Integer.h */,
				97A337D322A53AEA007341E7 /* Integer.cpp */,
				97C23F3B229B1503006952E4 /* Float.h */,
				97C23F3A229B1503006952E4 /* Float.cpp */,
			);
			path = libnrmaths;
			sourceTree = "<group>";
		};
		97C23F4E229B2583006952E4 /* UnitTest */ = {
			isa = PBXGroup;
			children = (
				97C23F54229B2639006952E4 /* main.cpp */,
			);
			path = UnitTest;
			sourceTree = "<group>";
		};
		97C23F57229B2712006952E4 /* Frameworks */ = {
			isa = PBXGroup;
			children = (
				97C23F5A229B2746006952E4 /* libnrcore.a */,
			);
			name = Frameworks;
			sourceTree = "<group>";
		};
/* End PBXGroup section */

/* Begin PBXHeadersBuildPhase section */
		97C23F2E229AB04B006952E4 /* Headers */ = {
			isa = PBXHeadersBuildPhase;
			buildActionMask = 2147483647;
			files = (
				97C23F3D229B1503006952E4 /* Float.h in Headers */,
				97A337D622A53AEA007341E7 /* Integer.h in Headers */,
			);
			runOnlyForDeploymentPostprocessing = 0;
		};
/* End PBXHeadersBuildPhase section */

/* Begin PBXNativeTarget section */
		97C23F31229AB04B006952E4 /* LibNrMaths */ = {
			isa = PBXNativeTarget;
			buildConfigurationList = 97C23F36229AB04B006952E4 /* Build configuration list for PBXNativeTarget "LibNrMaths" */;
			buildPhases = (
				97C23F2E229AB04B006952E4 /* Headers */,
				97C23F2F229AB04B006952E4 /* Sources */,
				97C23F30229AB04B006952E4 /* Frameworks */,
			);
			buildRules = (
			);
			dependencies = (
			);
			name = LibNrMaths;
			productName = LibNrMaths;
			productReference = 97C23F32229AB04B006952E4 /* libnrmaths.a */;
			productType = "com.apple.product-type.library.static";
		};
		97C23F4C229B2583006952E4 /* UnitTest */ = {
			isa = PBXNativeTarget;
			buildConfigurationList = 97C23F51229B2583006952E4 /* Build configuration list for PBXNativeTarget "UnitTest" */;
			buildPhases = (
				97C23F49229B2583006952E4 /* Sources */,
				97C23F4A229B2583006952E4 /* Frameworks */,
				97C23F4B229B2583006952E4 /* CopyFiles */,
			);
			buildRules = (
			);
			dependencies = (
			);
			name = UnitTest;
			productName = UnitTest;
			productReference = 97C23F4D229B2583006952E4 /* UnitTest */;
			productType = "com.apple.product-type.tool";
		};
/* End PBXNativeTarget section */

/* Begin PBXProject section */
		97C23F2A229AB04B006952E4 /* Project object */ = {
			isa = PBXProject;
			attributes = {
				LastSwiftUpdateCheck = 1020;
				LastUpgradeCheck = 1100;
				ORGANIZATIONNAME = "Liquidsoft Studio";
				TargetAttributes = {
					97C23F31229AB04B006952E4 = {
						CreatedOnToolsVersion = 10.2.1;
					};
					97C23F4C229B2583006952E4 = {
						CreatedOnToolsVersion = 10.2.1;
					};
				};
			};
			buildConfigurationList = 97C23F2D229AB04B006952E4 /* Build configuration list for PBXProject "libNrMaths" */;
			compatibilityVersion = "Xcode 9.3";
			developmentRegion = en;
			hasScannedForEncodings = 0;
			knownRegions = (
				en,
				Base,
			);
			mainGroup = 97C23F29229AB04B006952E4;
			productRefGroup = 97C23F33229AB04B006952E4 /* Products */;
			projectDirPath = "";
			projectRoot = "";
			targets = (
				97C23F31229AB04B006952E4 /* LibNrMaths */,
				97C23F4C229B2583006952E4 /* UnitTest */,
			);
		};
/* End PBXProject section */

/* Begin PBXSourcesBuildPhase section */
		97C23F2F229AB04B006952E4 /* Sources */ = {
			isa = PBXSourcesBuildPhase;
			buildActionMask = 2147483647;
			files = (
				97A337D522A53AEA007341E7 /* Integer.cpp in Sources */,
				97C23F3C229B1503006952E4 /* Float.cpp in Sources */,
			);
			runOnlyForDeploymentPostprocessing = 0;
		};
		97C23F49229B2583006952E4 /* Sources */ = {
			isa = PBXSourcesBuildPhase;
			buildActionMask = 2147483647;
			files = (
				97C23F56229B2645006952E4 /* Float.cpp in Sources */,
				97A2B71B23D85C5500732791 /* Integer.cpp in Sources */,
				97C23F55229B2639006952E4 /* main.cpp in Sources */,
			);
			runOnlyForDeploymentPostprocessing = 0;
		};
/* End PBXSourcesBuildPhase section */

/* Begin XCBuildConfiguration section */
		97C23F34229AB04B006952E4 /* Debug */ = {
			isa = XCBuildConfiguration;
			buildSettings = {
				ALWAYS_SEARCH_USER_PATHS = NO;
				CLANG_ANALYZER_NONNULL = YES;
				CLANG_ANALYZER_NUMBER_OBJECT_CONVERSION = YES_AGGRESSIVE;
				CLANG_CXX_LANGUAGE_STANDARD = "gnu++14";
				CLANG_CXX_LIBRARY = "libc++";
				CLANG_ENABLE_MODULES = YES;
				CLANG_ENABLE_OBJC_ARC = YES;
				CLANG_ENABLE_OBJC_WEAK = YES;
				CLANG_WARN_BLOCK_CAPTURE_AUTORELEASING = YES;
				CLANG_WARN_BOOL_CONVERSION = YES;
				CLANG_WARN_COMMA = YES;
				CLANG_WARN_CONSTANT_CONVERSION = YES;
				CLANG_WARN_DEPRECATED_OBJC_IMPLEMENTATIONS = YES;
				CLANG_WARN_DIRECT_OBJC_ISA_USAGE = YES_ERROR;
				CLANG_WARN_DOCUMENTATION_COMMENTS = YES;
				CLANG_WARN_EMPTY_BODY = YES;
				CLANG_WARN_ENUM_CONVERSION = YES;
				CLANG_WARN_INFINITE_RECURSION = YES;
				CLANG_WARN_INT_CONVERSION = YES;
				CLANG_WARN_NON_LITERAL_NULL_CONVERSION = YES;
				CLANG_WARN_OBJC_IMPLICIT_RETAIN_SELF = YES;
				CLANG_WARN_OBJC_LITERAL_CONVERSION = YES;
				CLANG_WARN_OBJC_ROOT_CLASS = YES_ERROR;
				CLANG_WARN_RANGE_LOOP_ANALYSIS = YES;
				CLANG_WARN_STRICT_PROTOTYPES = YES;
				CLANG_WARN_SUSPICIOUS_MOVE = YES;
				CLANG_WARN_UNGUARDED_AVAILABILITY = YES_AGGRESSIVE;
				CLANG_WARN_UNREACHABLE_CODE = YES;
				CLANG_WARN__DUPLICATE_METHOD_MATCH = YES;
				CODE_SIGN_IDENTITY = "Mac Developer";
				COPY_PHASE_STRIP = NO;
				DEBUG_INFORMATION_FORMAT = dwarf;
				ENABLE_STRICT_OBJC_MSGSEND = YES;
				ENABLE_TESTABILITY = YES;
				GCC_C_LANGUAGE_STANDARD = gnu11;
				GCC_DYNAMIC_NO_PIC = NO;
				GCC_NO_COMMON_BLOCKS = YES;
				GCC_OPTIMIZATION_LEVEL = 0;
				GCC_PREPROCESSOR_DEFINITIONS = (
					"DEBUG=1",
					"$(inherited)",
				);
				GCC_WARN_64_TO_32_BIT_CONVERSION = YES;
				GCC_WARN_ABOUT_RETURN_TYPE = YES_ERROR;
				GCC_WARN_UNDECLARED_SELECTOR = YES;
				GCC_WARN_UNINITIALIZED_AUTOS = YES_AGGRESSIVE;
				GCC_WARN_UNUSED_FUNCTION = YES;
				GCC_WARN_UNUSED_VARIABLE = YES;
				HEADER_SEARCH_PATHS = (
					"$(SRCROOT)",
					"\"$(SRCROOT)/../LibNrCore\"",
					/usr/local/include,
				);
				MACOSX_DEPLOYMENT_TARGET = 10.14;
				MTL_ENABLE_DEBUG_INFO = INCLUDE_SOURCE;
				MTL_FAST_MATH = YES;
				ONLY_ACTIVE_ARCH = YES;
				SDKROOT = macosx;
			};
			name = Debug;
		};
		97C23F35229AB04B006952E4 /* Release */ = {
			isa = XCBuildConfiguration;
			buildSettings = {
				ALWAYS_SEARCH_USER_PATHS = NO;
				CLANG_ANALYZER_NONNULL = YES;
				CLANG_ANALYZER_NUMBER_OBJECT_CONVERSION = YES_AGGRESSIVE;
				CLANG_CXX_LANGUAGE_STANDARD = "gnu++14";
				CLANG_CXX_LIBRARY = "libc++";
				CLANG_ENABLE_MODULES = YES;
				CLANG_ENABLE_OBJC_ARC = YES;
				CLANG_ENABLE_OBJC_WEAK = YES;
				CLANG_WARN_BLOCK_CAPTURE_AUTORELEASING = YES;
				CLANG_WARN_BOOL_CONVERSION = YES;
				CLANG_WARN_COMMA = YES;
				CLANG_WARN_CONSTANT_CONVERSION = YES;
				CLANG_WARN_DEPRECATED_OBJC_IMPLEMENTATIONS = YES;
				CLANG_WARN_DIRECT_OBJC_ISA_USAGE = YES_ERROR;
				CLANG_WARN_DOCUMENTATION_COMMENTS = YES;
				CLANG_WARN_EMPTY_BODY = YES;
				CLANG_WARN_ENUM_CONVERSION = YES;
				CLANG_WARN_INFINITE_RECURSION = YES;
				CLANG_WARN_INT_CONVERSION = YES;
				CLANG_WARN_NON_LITERAL_NULL_CONVERSION = YES;
				CLANG_WARN_OBJC_IMPLICIT_RETAIN_SELF = YES;
				CLANG_WARN_OBJC_LITERAL_CONVERSION = YES;
				CLANG_WARN_OBJC_ROOT_CLASS = YES_ERROR;
				CLANG_WARN_RANGE_LOOP_ANALYSIS = YES;
				CLANG_WARN_STRICT_PROTOTYPES = YES;
				CLANG_WARN_SUSPICIOUS_MOVE = YES;
				CLANG_WARN_UNGUARDED_AVAILABILITY = YES_AGGRESSIVE;
				CLANG_WARN_UNREACHABLE_CODE = YES;
				CLANG_WARN__DUPLICATE_METHOD_MATCH = YES;
				CODE_SIGN_IDENTITY = "Mac Developer";
				COPY_PHASE_STRIP = NO;
				DEBUG_INFORMATION_FORMAT = "dwarf-with-dsym";
				ENABLE_NS_ASSERTIONS = NO;
				ENABLE_STRICT_OBJC_MSGSEND = YES;
				GCC_C_LANGUAGE_STANDARD = gnu11;
				GCC_NO_COMMON_BLOCKS = YES;
				GCC_WARN_64_TO_32_BIT_CONVERSION = YES;
				GCC_WARN_ABOUT_RETURN_TYPE = YES_ERROR;
				GCC_WARN_UNDECLARED_SELECTOR = YES;
				GCC_WARN_UNINITIALIZED_AUTOS = YES_AGGRESSIVE;
				GCC_WARN_UNUSED_FUNCTION = YES;
				GCC_WARN_UNUSED_VARIABLE = YES;
				HEADER_SEARCH_PATHS = (
					"$(SRCROOT)",
					"\"$(SRCROOT)/../LibNrCore\"",
					/usr/local/include,
				);
				MACOSX_DEPLOYMENT_TARGET = 10.14;
				MTL_ENABLE_DEBUG_INFO = NO;
				MTL_FAST_MATH = YES;
				SDKROOT = macosx;
			};
			name = Release;
		};
		97C23F37229AB04B006952E4 /* Debug */ = {
			isa = XCBuildConfiguration;
			buildSettings = {
				CODE_SIGN_STYLE = Automatic;
				DEVELOPMENT_TEAM = 4MASABRRSM;
				EXECUTABLE_PREFIX = lib;
				HEADER_SEARCH_PATHS = (
					"$(SRCROOT)",
					"\"$(SRCROOT)/../LibNrCore\"",
					/usr/local/include,
				);
				PRODUCT_NAME = nrmaths;
				SKIP_INSTALL = YES;
			};
			name = Debug;
		};
		97C23F38229AB04B006952E4 /* Release */ = {
			isa = XCBuildConfiguration;
			buildSettings = {
				CODE_SIGN_STYLE = Automatic;
				DEVELOPMENT_TEAM = 4MASABRRSM;
				EXECUTABLE_PREFIX = lib;
				HEADER_SEARCH_PATHS = (
					"$(SRCROOT)",
					"\"$(SRCROOT)/../LibNrCore\"",
					/usr/local/include,
				);
				PRODUCT_NAME = nrmaths;
				SKIP_INSTALL = YES;
			};
			name = Release;
		};
		97C23F52229B2583006952E4 /* Debug */ = {
			isa = XCBuildConfiguration;
			buildSettings = {
				CODE_SIGN_IDENTITY = "-";
				CODE_SIGN_STYLE = Automatic;
				DEVELOPMENT_TEAM = 4MASABRRSM;
				LIBRARY_SEARCH_PATHS = (
					"$(inherited)",
					/usr/local/Cellar/gmp/6.1.2_2/lib,
					"\"$(SRCROOT)/../LibNrCore/Debug\"",
				);
				PRODUCT_NAME = "$(TARGET_NAME)";
			};
			name = Debug;
		};
		97C23F53229B2583006952E4 /* Release */ = {
			isa = XCBuildConfiguration;
			buildSettings = {
				CODE_SIGN_IDENTITY = "-";
				CODE_SIGN_STYLE = Automatic;
				DEVELOPMENT_TEAM = 4MASABRRSM;
				LIBRARY_SEARCH_PATHS = (
					"$(inherited)",
					/usr/local/Cellar/gmp/6.1.2_2/lib,
					"\"$(SRCROOT)/../LibNrCore/Debug\"",
				);
				PRODUCT_NAME = "$(TARGET_NAME)";
			};
			name = Release;
		};
/* End XCBuildConfiguration section */

/* Begin XCConfigurationList section */
		97C23F2D229AB04B006952E4 /* Build configuration list for PBXProject "libNrMaths" */ = {
			isa = XCConfigurationList;
			buildConfigurations = (
				97C23F34229AB04B006952E4 /* Debug */,
				97C23F35229AB04B006952E4 /* Release */,
			);
			defaultConfigurationIsVisible = 0;
			defaultConfigurationName = Release;
		};
		97C23F36229AB04B006952E4 /* Build configuration list for PBXNativeTarget "LibNrMaths" */ = {
			isa = XCConfigurationList;
			buildConfigurations = (
				97C23F37229AB04B006952E4 /* Debug */,
				97C23F38229AB04B006952E4 /* Release */,
			);
			defaultConfigurationIsVisible = 0;
			defaultConfigurationName = Release;
		};
		97C23F51229B2583006952E4 /* Build configuration list for PBXNativeTarget "UnitTest" */ = {
			isa = XCConfigurationList;
			buildConfigurations = (
				97C23F52229B2583006952E4 /* Debug */,
				97C23F53229B2583006952E4 /* Release */,
			);
			defaultConfigurationIsVisible = 0;
			defaultConfigurationName = Release;
		};
/* End XCConfigurationList section */
	};
	rootObject = 97C23F2A229AB04B006952E4 /* Project object */;
}
